
Microsoft Visual Studio Solution File, Format Version 12.00
# Visual Studio Version 17
VisualStudioVersion = 17.7.34221.43
MinimumVisualStudioVersion = 10.0.40219.1
Project("{2150E333-8FDC-42A3-9474-1A3956D46DE8}") = "MPF Files", "MPF Files", "{534FDAA6-4EF0-4C28-AC10-AA216BE6DA53}"
EndProject
Project("{2150E333-8FDC-42A3-9474-1A3956D46DE8}") = "modes", "modes", "{455F7104-BEAA-4AA5-BBCB-D5ED74E4F294}"
EndProject
Project("{2150E333-8FDC-42A3-9474-1A3956D46DE8}") = "config", "config", "{EE404750-3C65-4CFB-9048-0BC8BA6D051E}"
	ProjectSection(SolutionItems) = preProject
		config\cab.yaml = config\cab.yaml
		config\config.yaml = config\config.yaml
		config\switchtest.yaml = config\switchtest.yaml
		config\vpx.yaml = config\vpx.yaml
	EndProjectSection
EndProject
Project("{2150E333-8FDC-42A3-9474-1A3956D46DE8}") = "base", "base", "{5ACFF13B-5E95-4998-878F-9A0752E08A13}"
EndProject
Project("{2150E333-8FDC-42A3-9474-1A3956D46DE8}") = "config", "config", "{7A5A5D06-E6ED-4B50-ACFF-7CC34202EB48}"
	ProjectSection(SolutionItems) = preProject
		modes\base\config\base.yaml = modes\base\config\base.yaml
	EndProjectSection
EndProject
Project("{2150E333-8FDC-42A3-9474-1A3956D46DE8}") = "bonus", "bonus", "{F7D4D0B3-31F6-4969-A69B-88A42DEED135}"
EndProject
Project("{2150E333-8FDC-42A3-9474-1A3956D46DE8}") = "config", "config", "{C481F40F-1EC8-4F15-9783-593066E47E18}"
	ProjectSection(SolutionItems) = preProject
		modes\bonus\config\bonus.yaml = modes\bonus\config\bonus.yaml
	EndProjectSection
EndProject
Project("{2150E333-8FDC-42A3-9474-1A3956D46DE8}") = "tilt", "tilt", "{6B0FFA96-FC04-4E13-B857-85ED6FC98C92}"
EndProject
Project("{2150E333-8FDC-42A3-9474-1A3956D46DE8}") = "config", "config", "{2B77CFD9-3917-4719-88D8-4687850031AA}"
	ProjectSection(SolutionItems) = preProject
		modes\tilt\config\tilt.yaml = modes\tilt\config\tilt.yaml
	EndProjectSection
EndProject
Project("{2150E333-8FDC-42A3-9474-1A3956D46DE8}") = "shows", "shows", "{DF6CF0F0-2BC4-4EE6-8DA2-6C9ABD0BFC07}"
	ProjectSection(SolutionItems) = preProject
		modes\base\shows\flash2hz.yaml = modes\base\shows\flash2hz.yaml
		modes\base\shows\flash4hz.yaml = modes\base\shows\flash4hz.yaml
		modes\base\shows\flash8hz.yaml = modes\base\shows\flash8hz.yaml
	EndProjectSection
EndProject
Project("{2150E333-8FDC-42A3-9474-1A3956D46DE8}") = "skill_shot", "skill_shot", "{3237A07B-CD09-4978-8986-4DDA1CA007A2}"
EndProject
Project("{2150E333-8FDC-42A3-9474-1A3956D46DE8}") = "config", "config", "{F94B63E0-17DE-438C-BEAF-62C47A106576}"
	ProjectSection(SolutionItems) = preProject
		modes\skill_shot\config\skill_shot.yaml = modes\skill_shot\config\skill_shot.yaml
	EndProjectSection
EndProject
Project("{2150E333-8FDC-42A3-9474-1A3956D46DE8}") = "attract", "attract", "{1777F4B2-F333-4AAA-AB53-2CCB43BF72C0}"
EndProject
Project("{2150E333-8FDC-42A3-9474-1A3956D46DE8}") = "config", "config", "{F848F6D9-CD29-4722-BC55-CC06CAB58CB5}"
	ProjectSection(SolutionItems) = preProject
		modes\attract\config\attract.yaml = modes\attract\config\attract.yaml
	EndProjectSection
EndProject
Project("{2150E333-8FDC-42A3-9474-1A3956D46DE8}") = "shows", "shows", "{C4A757BF-C907-48A2-A135-DDF185EB3E86}"
	ProjectSection(SolutionItems) = preProject
		modes\attract\shows\attract_display_loop.yaml = modes\attract\shows\attract_display_loop.yaml
		modes\attract\shows\bonus_light_show.yaml = modes\attract\shows\bonus_light_show.yaml
		modes\attract\shows\bonus_mult_show.yaml = modes\attract\shows\bonus_mult_show.yaml
		modes\attract\shows\bottom_lane_show.yaml = modes\attract\shows\bottom_lane_show.yaml
		modes\attract\shows\top_lane_show.yaml = modes\attract\shows\top_lane_show.yaml
	EndProjectSection
EndProject
Project("{2150E333-8FDC-42A3-9474-1A3956D46DE8}") = "music_select", "music_select", "{3605245E-DB11-4729-BFA0-5071FA00B96B}"
EndProject
Project("{2150E333-8FDC-42A3-9474-1A3956D46DE8}") = "config", "config", "{E08F8D25-3188-462A-A849-4F1C570096EE}"
	ProjectSection(SolutionItems) = preProject
		modes\music_select\config\music_select.yaml = modes\music_select\config\music_select.yaml
	EndProjectSection
EndProject
Project("{2150E333-8FDC-42A3-9474-1A3956D46DE8}") = "Solution Items", "Solution Items", "{9C79A461-B01D-4247-A96C-EC8167437F70}"
	ProjectSection(SolutionItems) = preProject
		!TODO.txt = !TODO.txt
		EyeOfTheTigerMovie.txt = EyeOfTheTigerMovie.txt
		rock - cab.bat = rock - cab.bat
		rock - vpx.bat = rock - vpx.bat
		rock.bat = rock.bat
	EndProjectSection
EndProject
Project("{2150E333-8FDC-42A3-9474-1A3956D46DE8}") = "high_score", "high_score", "{9AB55C6B-CF37-4AFA-A520-DBD3B7C4E5E8}"
EndProject
Project("{2150E333-8FDC-42A3-9474-1A3956D46DE8}") = "config", "config", "{AA16005B-1CBF-4965-B01C-09EA15786323}"
	ProjectSection(SolutionItems) = preProject
		modes\high_score\config\high_score.yaml = modes\high_score\config\high_score.yaml
	EndProjectSection
EndProject
Project("{2150E333-8FDC-42A3-9474-1A3956D46DE8}") = "shows", "shows", "{30F0A921-7FA2-40AF-937F-E3A7AAF3DDC6}"
EndProject
Project("{2150E333-8FDC-42A3-9474-1A3956D46DE8}") = "shows", "shows", "{E8279C23-D0E7-4787-B01A-B89F1A9D64DA}"
	ProjectSection(SolutionItems) = preProject
		rock_lives_light_show.yaml = rock_lives_light_show.yaml
	EndProjectSection
EndProject
Project("{2150E333-8FDC-42A3-9474-1A3956D46DE8}") = "wizard", "wizard", "{8DB9DF90-EE3D-4C56-B12E-87A2987ECF89}"
EndProject
Project("{2150E333-8FDC-42A3-9474-1A3956D46DE8}") = "config", "config", "{0E59DE0F-7B85-440F-AC07-7B8FD81FBA52}"
	ProjectSection(SolutionItems) = preProject
		modes\wizard\config\wizard.yaml = modes\wizard\config\wizard.yaml
	EndProjectSection
EndProject
Project("{2150E333-8FDC-42A3-9474-1A3956D46DE8}") = "shows", "shows", "{9B211B0F-F914-4EC4-BF7B-F46F33998CAF}"
EndProject
Project("{2150E333-8FDC-42A3-9474-1A3956D46DE8}") = "service", "service", "{C075FA70-689A-4417-A6AF-EA754475A353}"
EndProject
Project("{2150E333-8FDC-42A3-9474-1A3956D46DE8}") = "code", "code", "{5CD25F13-861E-44BD-AFBA-C92620009B4E}"
	ProjectSection(SolutionItems) = preProject
		modes\service\code\service.py = modes\service\code\service.py
	EndProjectSection
EndProject
Project("{2150E333-8FDC-42A3-9474-1A3956D46DE8}") = "config", "config", "{60669A12-C2BF-4CEF-B717-CD8054E67E6A}"
	ProjectSection(SolutionItems) = preProject
		modes\service\config\service.yaml = modes\service\config\service.yaml
	EndProjectSection
EndProject
Project("{2150E333-8FDC-42A3-9474-1A3956D46DE8}") = "multiball", "multiball", "{9B3BD584-6F58-4515-8942-94C4D5C2F5DB}"
EndProject
Project("{2150E333-8FDC-42A3-9474-1A3956D46DE8}") = "multiball_select", "multiball_select", "{30593FCD-87C2-47AD-88E0-EBCADD9778F9}"
EndProject
Project("{2150E333-8FDC-42A3-9474-1A3956D46DE8}") = "config", "config", "{4A6CBF0F-90F7-4A76-8C5C-A22D7485A9A1}"
EndProject
Project("{2150E333-8FDC-42A3-9474-1A3956D46DE8}") = "config", "config", "{95BE3680-0619-425E-BF3A-9997DEBF0BEB}"
EndProject
Project("{2150E333-8FDC-42A3-9474-1A3956D46DE8}") = "enemy_select", "enemy_select", "{4AA0060A-48DC-4032-9AB3-6DB76883854C}"
EndProject
Project("{2150E333-8FDC-42A3-9474-1A3956D46DE8}") = "config", "config", "{751FF38C-A144-4DB8-B622-29246E670113}"
EndProject
Global
	GlobalSection(SolutionProperties) = preSolution
		HideSolutionNode = FALSE
	EndGlobalSection
	GlobalSection(NestedProjects) = preSolution
		{455F7104-BEAA-4AA5-BBCB-D5ED74E4F294} = {534FDAA6-4EF0-4C28-AC10-AA216BE6DA53}
		{EE404750-3C65-4CFB-9048-0BC8BA6D051E} = {534FDAA6-4EF0-4C28-AC10-AA216BE6DA53}
		{5ACFF13B-5E95-4998-878F-9A0752E08A13} = {455F7104-BEAA-4AA5-BBCB-D5ED74E4F294}
		{7A5A5D06-E6ED-4B50-ACFF-7CC34202EB48} = {5ACFF13B-5E95-4998-878F-9A0752E08A13}
		{F7D4D0B3-31F6-4969-A69B-88A42DEED135} = {455F7104-BEAA-4AA5-BBCB-D5ED74E4F294}
		{C481F40F-1EC8-4F15-9783-593066E47E18} = {F7D4D0B3-31F6-4969-A69B-88A42DEED135}
		{6B0FFA96-FC04-4E13-B857-85ED6FC98C92} = {455F7104-BEAA-4AA5-BBCB-D5ED74E4F294}
		{2B77CFD9-3917-4719-88D8-4687850031AA} = {6B0FFA96-FC04-4E13-B857-85ED6FC98C92}
		{DF6CF0F0-2BC4-4EE6-8DA2-6C9ABD0BFC07} = {5ACFF13B-5E95-4998-878F-9A0752E08A13}
		{3237A07B-CD09-4978-8986-4DDA1CA007A2} = {455F7104-BEAA-4AA5-BBCB-D5ED74E4F294}
		{F94B63E0-17DE-438C-BEAF-62C47A106576} = {3237A07B-CD09-4978-8986-4DDA1CA007A2}
		{1777F4B2-F333-4AAA-AB53-2CCB43BF72C0} = {455F7104-BEAA-4AA5-BBCB-D5ED74E4F294}
		{F848F6D9-CD29-4722-BC55-CC06CAB58CB5} = {1777F4B2-F333-4AAA-AB53-2CCB43BF72C0}
		{C4A757BF-C907-48A2-A135-DDF185EB3E86} = {1777F4B2-F333-4AAA-AB53-2CCB43BF72C0}
		{3605245E-DB11-4729-BFA0-5071FA00B96B} = {455F7104-BEAA-4AA5-BBCB-D5ED74E4F294}
		{E08F8D25-3188-462A-A849-4F1C570096EE} = {3605245E-DB11-4729-BFA0-5071FA00B96B}
		{9AB55C6B-CF37-4AFA-A520-DBD3B7C4E5E8} = {455F7104-BEAA-4AA5-BBCB-D5ED74E4F294}
		{AA16005B-1CBF-4965-B01C-09EA15786323} = {9AB55C6B-CF37-4AFA-A520-DBD3B7C4E5E8}
		{30F0A921-7FA2-40AF-937F-E3A7AAF3DDC6} = {9AB55C6B-CF37-4AFA-A520-DBD3B7C4E5E8}
		{E8279C23-D0E7-4787-B01A-B89F1A9D64DA} = {3605245E-DB11-4729-BFA0-5071FA00B96B}
		{8DB9DF90-EE3D-4C56-B12E-87A2987ECF89} = {455F7104-BEAA-4AA5-BBCB-D5ED74E4F294}
		{0E59DE0F-7B85-440F-AC07-7B8FD81FBA52} = {8DB9DF90-EE3D-4C56-B12E-87A2987ECF89}
		{9B211B0F-F914-4EC4-BF7B-F46F33998CAF} = {8DB9DF90-EE3D-4C56-B12E-87A2987ECF89}
		{C075FA70-689A-4417-A6AF-EA754475A353} = {455F7104-BEAA-4AA5-BBCB-D5ED74E4F294}
		{5CD25F13-861E-44BD-AFBA-C92620009B4E} = {C075FA70-689A-4417-A6AF-EA754475A353}
		{60669A12-C2BF-4CEF-B717-CD8054E67E6A} = {C075FA70-689A-4417-A6AF-EA754475A353}
		{9B3BD584-6F58-4515-8942-94C4D5C2F5DB} = {455F7104-BEAA-4AA5-BBCB-D5ED74E4F294}
		{30593FCD-87C2-47AD-88E0-EBCADD9778F9} = {455F7104-BEAA-4AA5-BBCB-D5ED74E4F294}
		{4A6CBF0F-90F7-4A76-8C5C-A22D7485A9A1} = {30593FCD-87C2-47AD-88E0-EBCADD9778F9}
		{95BE3680-0619-425E-BF3A-9997DEBF0BEB} = {9B3BD584-6F58-4515-8942-94C4D5C2F5DB}
		{4AA0060A-48DC-4032-9AB3-6DB76883854C} = {455F7104-BEAA-4AA5-BBCB-D5ED74E4F294}
		{751FF38C-A144-4DB8-B622-29246E670113} = {4AA0060A-48DC-4032-9AB3-6DB76883854C}
	EndGlobalSection
	GlobalSection(ExtensibilityGlobals) = postSolution
		SolutionGuid = {C59D0D76-9F32-4EE9-B771-C8639384E862}
	EndGlobalSection
EndGlobal
